schema=rar-preauth-closure-input-lock-v4
record_encoding=rar-kv-canonical-v1
package_schema=rar-preauth-packages-v2
transaction_graph_schema=rar-preauth-transaction-graph-v1
transaction_bundle_schema=rar-preauth-transaction-bundle-v1
digest_algorithm=sha256
source_revision_algorithm=git-object-id
archive_policy=rar-bounded-archive-plan-v1
json_policy=rar-strict-json-v1
path_policy=descriptor-relative-no-follow-v1
publication_policy=atomic-no-replace-fsync-v1
base_oci_index_sha256=f49565f188ee00bc2a18dd418183f2c5f23ef7d6e691890517ed341a598f67c3
debian_archive=snapshot.debian.org/archive/debian
debian_snapshot=20260630T000000Z
debian_suite=trixie
debian_security_archive=snapshot.debian.org/archive/debian-security
debian_security_snapshot=20260630T000000Z
debian_security_suite=trixie-security
debian_archive_keyring_sha256=506b815cbb32d9b6066b4a2aa524071e071761e7e7f68c3ac74f3061ba852017
inrelease_sha256=93a3b71442eccd4cdcbafa8fb5f254a7913a89176c59b10b067687aab3522546
security_inrelease_sha256=ae4c9bc97d54c1357830089ebf27751b9b79290fe8b2dcdad532fc0fc14860d3
package_manifest_sha256=a39ba029b4107d9c52d91ae90f36751b7dbb30ffff385e3e7209b266f8747fd5
license_manifest_sha256=9244278282a5481bd6094b95282fe53bff1605457ef752d624886787accf4112
lld_path=/usr/bin/ld.lld-19
lld_sha256=7a2fd87d82662beac4371a1a21067b37cd4b7d43777aa61c089d85c45f772f6e
qemu_path=/usr/bin/qemu-system-x86_64
qemu_sha256=06ddf4fda239261764fdfde12cab6319dcd13094ca4e1bbaee272bed2efce84f
ovmf_code_path=/usr/share/OVMF/OVMF_CODE_4M.fd
ovmf_code_sha256=624e06de18b4fa535e90db7160d00d3d07d206422b89999bf1e27d920264e4e0
ovmf_vars_path=/usr/share/OVMF/OVMF_VARS_4M.fd
ovmf_vars_sha256=5d2ac383371b408398accee7ec27c8c09ea5b74a0de0ceea6513388b15be5d1e
acquisition_policy_sha256=b2a1e2c9e7fcccbf6bab897c0311c5f56d7e1cb1da95cb4a493c5d1fe2f2694c
target_linked_dependencies=none
launch_authority=none
