schema=rar-preauth-closure-v3
base_oci_index_sha256=f49565f188ee00bc2a18dd418183f2c5f23ef7d6e691890517ed341a598f67c3
debian_archive=snapshot.debian.org/archive/debian
debian_snapshot=20260630T000000Z
debian_suite=trixie
debian_security_archive=snapshot.debian.org/archive/debian-security
debian_security_snapshot=20260630T000000Z
debian_security_suite=trixie-security
debian_archive_keyring_sha256=506b815cbb32d9b6066b4a2aa524071e071761e7e7f68c3ac74f3061ba852017
inrelease_sha256=93a3b71442eccd4cdcbafa8fb5f254a7913a89176c59b10b067687aab3522546
security_inrelease_sha256=ae4c9bc97d54c1357830089ebf27751b9b79290fe8b2dcdad532fc0fc14860d3
package_manifest_sha256=a39ba029b4107d9c52d91ae90f36751b7dbb30ffff385e3e7209b266f8747fd5
license_manifest_sha256=9244278282a5481bd6094b95282fe53bff1605457ef752d624886787accf4112
canonical_oci_archive_sha256=0cbf769413cd3d527db2d3f82d24ed78f40c81dad7fd1216e59903c10fa9d374
canonical_oci_index_sha256=cb3d83784aa9576405feb9026dc8ed1aaa2633c350bf917079f2543ef544a298
selected_oci_manifest_sha256=9c269f4a421d7f15e17c5878ab985280f8116b91c3243553ed2a997e76ea522d
docker_config_sha256=4d59826fb248130555b99aa6bc034f17db7df4a6acbbe1ebc0a8175492476531
buildx_config_sha256=4d59826fb248130555b99aa6bc034f17db7df4a6acbbe1ebc0a8175492476531
loaded_image_config_sha256=4d59826fb248130555b99aa6bc034f17db7df4a6acbbe1ebc0a8175492476531
compressed_layer_descriptor_set_sha256=1e8482858e8d5d339995f521ec5262e35f501b99d64e1feefad70aeb191dc8a6
rootfs_diff_id_set_sha256=1d835c05ab3e6c75982ecb9010a94017090f73b92c027a51c2921258e90b4ee0
lld_path=/usr/bin/ld.lld-19
lld_sha256=7a2fd87d82662beac4371a1a21067b37cd4b7d43777aa61c089d85c45f772f6e
qemu_path=/usr/bin/qemu-system-x86_64
qemu_sha256=06ddf4fda239261764fdfde12cab6319dcd13094ca4e1bbaee272bed2efce84f
ovmf_code_path=/usr/share/OVMF/OVMF_CODE_4M.fd
ovmf_code_sha256=624e06de18b4fa535e90db7160d00d3d07d206422b89999bf1e27d920264e4e0
ovmf_vars_path=/usr/share/OVMF/OVMF_VARS_4M.fd
ovmf_vars_sha256=5d2ac383371b408398accee7ec27c8c09ea5b74a0de0ceea6513388b15be5d1e
acquisition_policy_sha256=89244e1742a11c9f42d09074eb00eb4cb5a72786d83c62483804c140b5f11ae1
target_linked_dependencies=none
certifiable=true
