schema=rar-host-tool-lock-v1
platform=aarch64-apple-darwin
rustc_version=1.95.0
rustc_commit=59807616e1fa2540724bfbac14d7976d7e4a3860
rustc_llvm_version=22.1.2
rustc_sha256=b829b733131d4e1673eeebd1f34d06ae1e9ff4977b051313cf42e2a9e79ecf1c
cargo_version=1.95.0
cargo_commit=f2d3ce0bd7f24a49f8f72d9000448f8838c4e850
cargo_sha256=c512bff73c86143b557463f021d0c3d5b0490d97d65040ba59ea2b3427784758
rust_src_manifest_sha256=47b629523343fa73b4436080f660b510e0cd1c2553a94ba90ef8bdcc2e025ec1
aarch64_target_manifest_sha256=d2c67d85ffb386328781b6300ddfde93c9a500072a9e6e08eb3ff1fb0017375c
thumbv8m_target_manifest_sha256=c12a52d6b268e44baf79e6ec56fe0f82b53587d2dee6b1694fda3ffb94720f2b
x86_64_target_manifest_sha256=a1c0aed6cf079827ac9ebc82faeea2b517aba581c240dfe84a31761a99068c75
clang_version=Apple-clang-16.0.0
clang_status=discovered-not-output-affecting
lld_status=unavailable
lld_version=none
lld_sha256=none
qemu_x86_64_status=unavailable
qemu_x86_64_version=none
qemu_x86_64_sha256=none
qemu_aarch64_status=unavailable
qemu_aarch64_version=none
qemu_aarch64_sha256=none
qemu_arm_status=unavailable
qemu_arm_version=none
qemu_arm_sha256=none
firmware_x86_64_status=unavailable
firmware_x86_64_id=none
firmware_x86_64_sha256=none
firmware_aarch64_status=unavailable
firmware_aarch64_id=none
firmware_aarch64_sha256=none
certifiable=false
target_linked_dependencies=none
