schema=rar-host-tool-lock-v3
platform=x86_64-unknown-linux-gnu
bootstrap_trust=oci-image-sha256-f49565f188ee00bc2a18dd418183f2c5f23ef7d6e691890517ed341a598f67c3
bootstrap_shell_path=/usr/bin/dash
bootstrap_shell_sha256=a6f559e00b69a4aa4d8cb607be18d9386c5aee55c509e2c075549dcf00e00fc7
bootstrap_hasher_path=/usr/bin/sha256sum
bootstrap_hasher_kind=sha256sum
bootstrap_hasher_sha256=89f8c1d1ba3c76138f3771e1a91e2796ade6180b1c1e4258c04698ff32787c97
bootstrap_mkdir_path=/usr/bin/mkdir
bootstrap_mkdir_sha256=bd3d9b36a1cc1c63b8dca7967003f4e5b0bb8556c87cbb7c1916aa358bf3f053
bootstrap_rm_path=/usr/bin/rm
bootstrap_rm_sha256=c959a237e7b95d229eea44764b2246fcb61a95dc679a10ad0cc97ad84c2316c1
bootstrap_env_path=/usr/bin/env
bootstrap_env_sha256=eb1c64bbc9908afcdf8cb48524f17112d8dd76a249f80dee2f01da14747b3b6e
bootstrap_closure_kind=oci-image
rust_toolchain_root=/usr/local/rustup/toolchains/1.95.0-x86_64-unknown-linux-gnu
rust_toolchain_closure_manifest_relative=none
rust_toolchain_closure_manifest_sha256=none
rustc_path=/usr/local/rustup/toolchains/1.95.0-x86_64-unknown-linux-gnu/bin/rustc
rustc_version=1.95.0
rustc_commit=59807616e1fa2540724bfbac14d7976d7e4a3860
rustc_llvm_version=22.1.2
rustc_sha256=bff349e72704ff70bc08a234a3847338e797065bbedde5e556808bc87b7bf7c6
host_linker_path=/usr/bin/x86_64-linux-gnu-gcc-14
host_linker_flavor=gcc
host_linker_sha256=a23ecab8ff08f09ad8c80602c2c5df7f49e09c25905cb8975902e101bf72635f
host_sdk_path=/usr
host_sdk_marker_relative=lib/os-release
host_sdk_settings_sha256=a757e4cae6c9e1aa1ddbbb7c8ad281bbda286b4c3a6a2762df78c05db9f90d82
host_sdk_closure_manifest_relative=none
host_sdk_closure_manifest_sha256=none
cargo_path=/usr/local/rustup/toolchains/1.95.0-x86_64-unknown-linux-gnu/bin/cargo
cargo_version=1.95.0
cargo_commit=f2d3ce0bd7f24a49f8f72d9000448f8838c4e850
cargo_sha256=841072d1d92f9e841d9ba5b0814182a0adf064acf4527cd120967b7bc49dcb66
git_path=/usr/bin/git
git_version=git-2.47.3
git_sha256=356db14e102d68a1a37d8a1ac577dfd678d45d46e92f468bef8b7154e7bfdc60
rust_src_manifest_sha256=47b629523343fa73b4436080f660b510e0cd1c2553a94ba90ef8bdcc2e025ec1
aarch64_target_manifest_sha256=d2c67d85ffb386328781b6300ddfde93c9a500072a9e6e08eb3ff1fb0017375c
thumbv8m_target_manifest_sha256=c12a52d6b268e44baf79e6ec56fe0f82b53587d2dee6b1694fda3ffb94720f2b
x86_64_target_manifest_sha256=a1c0aed6cf079827ac9ebc82faeea2b517aba581c240dfe84a31761a99068c75
clang_version=none
clang_status=discovered-not-output-affecting
lld_status=unavailable
lld_version=none
lld_sha256=none
qemu_x86_64_status=unavailable
qemu_x86_64_version=none
qemu_x86_64_sha256=none
qemu_aarch64_status=unavailable
qemu_aarch64_version=none
qemu_aarch64_sha256=none
qemu_arm_status=unavailable
qemu_arm_version=none
qemu_arm_sha256=none
firmware_x86_64_status=unavailable
firmware_x86_64_id=none
firmware_x86_64_sha256=none
firmware_aarch64_status=unavailable
firmware_aarch64_id=none
firmware_aarch64_sha256=none
certifiable=false
target_linked_dependencies=none
